
Microsoft Visual Studio Solution File, Format Version 12.00
# Visual Studio Version 17
VisualStudioVersion = 17.3.32929.385
MinimumVisualStudioVersion = 10.0.40219.1
Project("{FAE04EC0-301F-11D3-BF4B-00C04F79EFBC}") = "Calculadora", "Calculadora\Calculadora.csproj", "{25D7E23A-6DA2-487F-B2EB-E42429EFAE70}"
EndProject
Global
	GlobalSection(SolutionConfigurationPlatforms) = preSolution
		Debug|Any CPU = Debug|Any CPU
		Release|Any CPU = Release|Any CPU
	EndGlobalSection
	GlobalSection(ProjectConfigurationPlatforms) = postSolution
		{25D7E23A-6DA2-487F-B2EB-E42429EFAE70}.Debug|Any CPU.ActiveCfg = Debug|Any CPU
		{25D7E23A-6DA2-487F-B2EB-E42429EFAE70}.Debug|Any CPU.Build.0 = Debug|Any CPU
		{25D7E23A-6DA2-487F-B2EB-E42429EFAE70}.Release|Any CPU.ActiveCfg = Release|Any CPU
		{25D7E23A-6DA2-487F-B2EB-E42429EFAE70}.Release|Any CPU.Build.0 = Release|Any CPU
	EndGlobalSection
	GlobalSection(SolutionProperties) = preSolution
		HideSolutionNode = FALSE
	EndGlobalSection
	GlobalSection(ExtensibilityGlobals) = postSolution
		SolutionGuid = {5172E351-4585-47D0-ABCF-5E953C0E531B}
	EndGlobalSection
EndGlobal
